
Microsoft Visual Studio Solution File, Format Version 12.00
# Visual Studio Version 17
VisualStudioVersion = 17.7.34024.191
MinimumVisualStudioVersion = 10.0.40219.1
Project("{FAE04EC0-301F-11D3-BF4B-00C04F79EFBC}") = "Exercice_3", "Exercice_3\Exercice_3.csproj", "{36B931BE-55E1-4217-9A4E-DF5B041750EC}"
EndProject
Global
	GlobalSection(SolutionConfigurationPlatforms) = preSolution
		Debug|Any CPU = Debug|Any CPU
		Release|Any CPU = Release|Any CPU
	EndGlobalSection
	GlobalSection(ProjectConfigurationPlatforms) = postSolution
		{36B931BE-55E1-4217-9A4E-DF5B041750EC}.Debug|Any CPU.ActiveCfg = Debug|Any CPU
		{36B931BE-55E1-4217-9A4E-DF5B041750EC}.Debug|Any CPU.Build.0 = Debug|Any CPU
		{36B931BE-55E1-4217-9A4E-DF5B041750EC}.Release|Any CPU.ActiveCfg = Release|Any CPU
		{36B931BE-55E1-4217-9A4E-DF5B041750EC}.Release|Any CPU.Build.0 = Release|Any CPU
	EndGlobalSection
	GlobalSection(SolutionProperties) = preSolution
		HideSolutionNode = FALSE
	EndGlobalSection
	GlobalSection(ExtensibilityGlobals) = postSolution
		SolutionGuid = {8BA28170-0969-4C33-8662-A96E6EF6FC98}
	EndGlobalSection
EndGlobal
